
Microsoft Visual Studio Solution File, Format Version 12.00
# Visual Studio Version 17
VisualStudioVersion = 17.0.31919.166
MinimumVisualStudioVersion = 10.0.40219.1
Project("{FAE04EC0-301F-11D3-BF4B-00C04F79EFBC}") = "DependencyInjestion", "DependencyInjestion\DependencyInjestion.csproj", "{FE379373-954C-4D0A-A313-B40A2317E92B}"
EndProject
Global
	GlobalSection(SolutionConfigurationPlatforms) = preSolution
		Debug|Any CPU = Debug|Any CPU
		Release|Any CPU = Release|Any CPU
	EndGlobalSection
	GlobalSection(ProjectConfigurationPlatforms) = postSolution
		{FE379373-954C-4D0A-A313-B40A2317E92B}.Debug|Any CPU.ActiveCfg = Debug|Any CPU
		{FE379373-954C-4D0A-A313-B40A2317E92B}.Debug|Any CPU.Build.0 = Debug|Any CPU
		{FE379373-954C-4D0A-A313-B40A2317E92B}.Release|Any CPU.ActiveCfg = Release|Any CPU
		{FE379373-954C-4D0A-A313-B40A2317E92B}.Release|Any CPU.Build.0 = Release|Any CPU
	EndGlobalSection
	GlobalSection(SolutionProperties) = preSolution
		HideSolutionNode = FALSE
	EndGlobalSection
	GlobalSection(ExtensibilityGlobals) = postSolution
		SolutionGuid = {565A8E46-7C64-45A9-93F2-912D3F15B70C}
	EndGlobalSection
EndGlobal
